
Microsoft Visual Studio Solution File, Format Version 12.00
# Visual Studio Version 16
VisualStudioVersion = 16.0.29306.81
MinimumVisualStudioVersion = 10.0.40219.1
Project("{8BC9CEB8-8B4A-11D0-8D11-00A0C91BC942}") = "P20", "P20\P20.vcxproj", "{0C064CE4-04CF-429A-84B0-A3E3A13BB0BA}"
EndProject
Global
	GlobalSection(SolutionConfigurationPlatforms) = preSolution
		Debug|x64 = Debug|x64
		Debug|x86 = Debug|x86
		Release|x64 = Release|x64
		Release|x86 = Release|x86
	EndGlobalSection
	GlobalSection(ProjectConfigurationPlatforms) = postSolution
		{0C064CE4-04CF-429A-84B0-A3E3A13BB0BA}.Debug|x64.ActiveCfg = Debug|x64
		{0C064CE4-04CF-429A-84B0-A3E3A13BB0BA}.Debug|x64.Build.0 = Debug|x64
		{0C064CE4-04CF-429A-84B0-A3E3A13BB0BA}.Debug|x86.ActiveCfg = Debug|Win32
		{0C064CE4-04CF-429A-84B0-A3E3A13BB0BA}.Debug|x86.Build.0 = Debug|Win32
		{0C064CE4-04CF-429A-84B0-A3E3A13BB0BA}.Release|x64.ActiveCfg = Release|x64
		{0C064CE4-04CF-429A-84B0-A3E3A13BB0BA}.Release|x64.Build.0 = Release|x64
		{0C064CE4-04CF-429A-84B0-A3E3A13BB0BA}.Release|x86.ActiveCfg = Release|Win32
		{0C064CE4-04CF-429A-84B0-A3E3A13BB0BA}.Release|x86.Build.0 = Release|Win32
	EndGlobalSection
	GlobalSection(SolutionProperties) = preSolution
		HideSolutionNode = FALSE
	EndGlobalSection
	GlobalSection(ExtensibilityGlobals) = postSolution
		SolutionGuid = {776642C5-71C8-4990-A709-F1A269E0A22D}
	EndGlobalSection
EndGlobal
